
Microsoft Visual Studio Solution File, Format Version 12.00
# Visual Studio 14
VisualStudioVersion = 14.0.24720.0
MinimumVisualStudioVersion = 10.0.40219.1
Project("{F184B08F-C81C-45F6-A57F-5ABD9991F28F}") = "TP3_FHamel_ELMarion", "TP3_FHamel_ELMarion\TP3_FHamel_ELMarion.vbproj", "{F135F07D-68CC-42FC-B8B7-019C5DC69547}"
EndProject
Project("{F184B08F-C81C-45F6-A57F-5ABD9991F28F}") = "TP3_FHamel_ELMarion_Tests", "TP3_FHamel_ELMarion_Tests\TP3_FHamel_ELMarion_Tests.vbproj", "{9C64F54E-3E23-449E-A002-C64C8C01F452}"
EndProject
Global
	GlobalSection(SolutionConfigurationPlatforms) = preSolution
		Debug|Any CPU = Debug|Any CPU
		Release|Any CPU = Release|Any CPU
	EndGlobalSection
	GlobalSection(ProjectConfigurationPlatforms) = postSolution
		{F135F07D-68CC-42FC-B8B7-019C5DC69547}.Debug|Any CPU.ActiveCfg = Debug|Any CPU
		{F135F07D-68CC-42FC-B8B7-019C5DC69547}.Debug|Any CPU.Build.0 = Debug|Any CPU
		{F135F07D-68CC-42FC-B8B7-019C5DC69547}.Release|Any CPU.ActiveCfg = Release|Any CPU
		{F135F07D-68CC-42FC-B8B7-019C5DC69547}.Release|Any CPU.Build.0 = Release|Any CPU
		{9C64F54E-3E23-449E-A002-C64C8C01F452}.Debug|Any CPU.ActiveCfg = Debug|Any CPU
		{9C64F54E-3E23-449E-A002-C64C8C01F452}.Debug|Any CPU.Build.0 = Debug|Any CPU
		{9C64F54E-3E23-449E-A002-C64C8C01F452}.Release|Any CPU.ActiveCfg = Release|Any CPU
		{9C64F54E-3E23-449E-A002-C64C8C01F452}.Release|Any CPU.Build.0 = Release|Any CPU
	EndGlobalSection
	GlobalSection(SolutionProperties) = preSolution
		HideSolutionNode = FALSE
	EndGlobalSection
EndGlobal
